
Microsoft Visual Studio Solution File, Format Version 12.00
# Visual Studio Version 16
VisualStudioVersion = 16.0.32106.194
MinimumVisualStudioVersion = 10.0.40219.1
Project("{FAE04EC0-301F-11D3-BF4B-00C04F79EFBC}") = "WindowsFormsApp1", "WindowsFormsApp1\WindowsFormsApp1.csproj", "{242EDDE9-0144-4073-BE5F-00CCE299F2EE}"
EndProject
Project("{54435603-DBB4-11D2-8724-00A0C9A8B90C}") = "Setup1", "Setup1\Setup1.vdproj", "{0A87E954-0E26-4841-8E3E-5CCA7CEEA505}"
EndProject
Global
	GlobalSection(SolutionConfigurationPlatforms) = preSolution
		Debug|Any CPU = Debug|Any CPU
		Release|Any CPU = Release|Any CPU
	EndGlobalSection
	GlobalSection(ProjectConfigurationPlatforms) = postSolution
		{242EDDE9-0144-4073-BE5F-00CCE299F2EE}.Debug|Any CPU.ActiveCfg = Debug|Any CPU
		{242EDDE9-0144-4073-BE5F-00CCE299F2EE}.Debug|Any CPU.Build.0 = Debug|Any CPU
		{242EDDE9-0144-4073-BE5F-00CCE299F2EE}.Release|Any CPU.ActiveCfg = Release|Any CPU
		{242EDDE9-0144-4073-BE5F-00CCE299F2EE}.Release|Any CPU.Build.0 = Release|Any CPU
		{0A87E954-0E26-4841-8E3E-5CCA7CEEA505}.Debug|Any CPU.ActiveCfg = Debug
		{0A87E954-0E26-4841-8E3E-5CCA7CEEA505}.Release|Any CPU.ActiveCfg = Release
	EndGlobalSection
	GlobalSection(SolutionProperties) = preSolution
		HideSolutionNode = FALSE
	EndGlobalSection
	GlobalSection(ExtensibilityGlobals) = postSolution
		SolutionGuid = {6493AF1B-D904-409B-8931-6EA7D71EDD2E}
	EndGlobalSection
EndGlobal
