
Microsoft Visual Studio Solution File, Format Version 12.00
# Visual Studio 15
VisualStudioVersion = 15.0.28307.1259
MinimumVisualStudioVersion = 10.0.40219.1
Project("{FAE04EC0-301F-11D3-BF4B-00C04F79EFBC}") = "DHT11_View", "DHT11_View\DHT11_View.csproj", "{7201B6F8-5B99-44C8-BD98-DA20356A82D7}"
EndProject
Global
	GlobalSection(SolutionConfigurationPlatforms) = preSolution
		Debug|Any CPU = Debug|Any CPU
		Release|Any CPU = Release|Any CPU
	EndGlobalSection
	GlobalSection(ProjectConfigurationPlatforms) = postSolution
		{7201B6F8-5B99-44C8-BD98-DA20356A82D7}.Debug|Any CPU.ActiveCfg = Debug|Any CPU
		{7201B6F8-5B99-44C8-BD98-DA20356A82D7}.Debug|Any CPU.Build.0 = Debug|Any CPU
		{7201B6F8-5B99-44C8-BD98-DA20356A82D7}.Release|Any CPU.ActiveCfg = Release|Any CPU
		{7201B6F8-5B99-44C8-BD98-DA20356A82D7}.Release|Any CPU.Build.0 = Release|Any CPU
	EndGlobalSection
	GlobalSection(SolutionProperties) = preSolution
		HideSolutionNode = FALSE
	EndGlobalSection
	GlobalSection(ExtensibilityGlobals) = postSolution
		SolutionGuid = {B7C0DDDC-6B31-499A-AB65-D86D7C861D5B}
	EndGlobalSection
EndGlobal
