
Microsoft Visual Studio Solution File, Format Version 12.00
# Visual Studio Version 16
VisualStudioVersion = 16.0.32228.343
MinimumVisualStudioVersion = 10.0.40219.1
Project("{FAE04EC0-301F-11D3-BF4B-00C04F79EFBC}") = "ConsoleApp1", "ConsoleApp1\ConsoleApp1.csproj", "{A7BB9D67-9269-4411-8D09-27CB12C94238}"
EndProject
Global
	GlobalSection(SolutionConfigurationPlatforms) = preSolution
		Debug|Any CPU = Debug|Any CPU
		Release|Any CPU = Release|Any CPU
	EndGlobalSection
	GlobalSection(ProjectConfigurationPlatforms) = postSolution
		{A7BB9D67-9269-4411-8D09-27CB12C94238}.Debug|Any CPU.ActiveCfg = Debug|Any CPU
		{A7BB9D67-9269-4411-8D09-27CB12C94238}.Debug|Any CPU.Build.0 = Debug|Any CPU
		{A7BB9D67-9269-4411-8D09-27CB12C94238}.Release|Any CPU.ActiveCfg = Release|Any CPU
		{A7BB9D67-9269-4411-8D09-27CB12C94238}.Release|Any CPU.Build.0 = Release|Any CPU
	EndGlobalSection
	GlobalSection(SolutionProperties) = preSolution
		HideSolutionNode = FALSE
	EndGlobalSection
	GlobalSection(ExtensibilityGlobals) = postSolution
		SolutionGuid = {EDAD33C0-DC81-4795-A58C-CF1D5073688D}
	EndGlobalSection
EndGlobal
